
Microsoft Visual Studio Solution File, Format Version 12.00
# Visual Studio Version 16
VisualStudioVersion = 16.0.31702.278
MinimumVisualStudioVersion = 10.0.40219.1
Project("{FAE04EC0-301F-11D3-BF4B-00C04F79EFBC}") = "MovieRegistration", "MovieRegistration\MovieRegistration.csproj", "{ED3CD101-BBE0-4C01-8BF6-C0AD56314AED}"
EndProject
Global
	GlobalSection(SolutionConfigurationPlatforms) = preSolution
		Debug|Any CPU = Debug|Any CPU
		Release|Any CPU = Release|Any CPU
	EndGlobalSection
	GlobalSection(ProjectConfigurationPlatforms) = postSolution
		{ED3CD101-BBE0-4C01-8BF6-C0AD56314AED}.Debug|Any CPU.ActiveCfg = Debug|Any CPU
		{ED3CD101-BBE0-4C01-8BF6-C0AD56314AED}.Debug|Any CPU.Build.0 = Debug|Any CPU
		{ED3CD101-BBE0-4C01-8BF6-C0AD56314AED}.Release|Any CPU.ActiveCfg = Release|Any CPU
		{ED3CD101-BBE0-4C01-8BF6-C0AD56314AED}.Release|Any CPU.Build.0 = Release|Any CPU
	EndGlobalSection
	GlobalSection(SolutionProperties) = preSolution
		HideSolutionNode = FALSE
	EndGlobalSection
	GlobalSection(ExtensibilityGlobals) = postSolution
		SolutionGuid = {6E5FE320-23DF-4A63-BB8B-AE16024C0019}
	EndGlobalSection
EndGlobal
